
Microsoft Visual Studio Solution File, Format Version 12.00
# Visual Studio Version 16
VisualStudioVersion = 16.0.29926.136
MinimumVisualStudioVersion = 10.0.40219.1
Project("{FAE04EC0-301F-11D3-BF4B-00C04F79EFBC}") = "Greyhound", "Greyhound\Greyhound.csproj", "{5D62A6C0-1748-44EA-BC6E-8690FC149E29}"
EndProject
Project("{FAE04EC0-301F-11D3-BF4B-00C04F79EFBC}") = "Greyhound.Logic", "Greyhound.Logic\Greyhound.Logic.csproj", "{111A3B4C-9C1E-4722-80D6-228CC440DB88}"
EndProject
Global
	GlobalSection(SolutionConfigurationPlatforms) = preSolution
		Debug|Any CPU = Debug|Any CPU
		Debug|x64 = Debug|x64
		Debug|x86 = Debug|x86
		Release|Any CPU = Release|Any CPU
		Release|x64 = Release|x64
		Release|x86 = Release|x86
	EndGlobalSection
	GlobalSection(ProjectConfigurationPlatforms) = postSolution
		{5D62A6C0-1748-44EA-BC6E-8690FC149E29}.Debug|Any CPU.ActiveCfg = Debug|Any CPU
		{5D62A6C0-1748-44EA-BC6E-8690FC149E29}.Debug|Any CPU.Build.0 = Debug|Any CPU
		{5D62A6C0-1748-44EA-BC6E-8690FC149E29}.Debug|x64.ActiveCfg = Debug|x64
		{5D62A6C0-1748-44EA-BC6E-8690FC149E29}.Debug|x64.Build.0 = Debug|x64
		{5D62A6C0-1748-44EA-BC6E-8690FC149E29}.Debug|x86.ActiveCfg = Debug|Any CPU
		{5D62A6C0-1748-44EA-BC6E-8690FC149E29}.Debug|x86.Build.0 = Debug|Any CPU
		{5D62A6C0-1748-44EA-BC6E-8690FC149E29}.Release|Any CPU.ActiveCfg = Release|Any CPU
		{5D62A6C0-1748-44EA-BC6E-8690FC149E29}.Release|Any CPU.Build.0 = Release|Any CPU
		{5D62A6C0-1748-44EA-BC6E-8690FC149E29}.Release|x64.ActiveCfg = Release|x64
		{5D62A6C0-1748-44EA-BC6E-8690FC149E29}.Release|x64.Build.0 = Release|x64
		{5D62A6C0-1748-44EA-BC6E-8690FC149E29}.Release|x86.ActiveCfg = Release|Any CPU
		{5D62A6C0-1748-44EA-BC6E-8690FC149E29}.Release|x86.Build.0 = Release|Any CPU
		{111A3B4C-9C1E-4722-80D6-228CC440DB88}.Debug|Any CPU.ActiveCfg = Debug|x64
		{111A3B4C-9C1E-4722-80D6-228CC440DB88}.Debug|x64.ActiveCfg = Debug|x64
		{111A3B4C-9C1E-4722-80D6-228CC440DB88}.Debug|x64.Build.0 = Debug|x64
		{111A3B4C-9C1E-4722-80D6-228CC440DB88}.Debug|x86.ActiveCfg = Debug|x64
		{111A3B4C-9C1E-4722-80D6-228CC440DB88}.Release|Any CPU.ActiveCfg = Release|x64
		{111A3B4C-9C1E-4722-80D6-228CC440DB88}.Release|x64.ActiveCfg = Release|x64
		{111A3B4C-9C1E-4722-80D6-228CC440DB88}.Release|x64.Build.0 = Release|x64
		{111A3B4C-9C1E-4722-80D6-228CC440DB88}.Release|x86.ActiveCfg = Release|x64
	EndGlobalSection
	GlobalSection(SolutionProperties) = preSolution
		HideSolutionNode = FALSE
	EndGlobalSection
	GlobalSection(ExtensibilityGlobals) = postSolution
		SolutionGuid = {19E62672-7523-4120-89AF-88F40B059F80}
	EndGlobalSection
EndGlobal
